
Microsoft Visual Studio Solution File, Format Version 12.00
# Visual Studio 15
VisualStudioVersion = 15.0.28307.136
MinimumVisualStudioVersion = 10.0.40219.1
Project("{FAE04EC0-301F-11D3-BF4B-00C04F79EFBC}") = "WorldsWorstWebService", "WorldsWorstWebService\WorldsWorstWebService.csproj", "{93BB3726-A8AC-46C6-BA14-5C7911C31300}"
EndProject
Project("{FAE04EC0-301F-11D3-BF4B-00C04F79EFBC}") = "MyWebsite", "MyWebsite\MyWebsite.csproj", "{77F7601F-A3E5-45D2-919D-EA851C96E0E5}"
EndProject
Global
	GlobalSection(SolutionConfigurationPlatforms) = preSolution
		Debug|Any CPU = Debug|Any CPU
		Release|Any CPU = Release|Any CPU
	EndGlobalSection
	GlobalSection(ProjectConfigurationPlatforms) = postSolution
		{93BB3726-A8AC-46C6-BA14-5C7911C31300}.Debug|Any CPU.ActiveCfg = Debug|Any CPU
		{93BB3726-A8AC-46C6-BA14-5C7911C31300}.Debug|Any CPU.Build.0 = Debug|Any CPU
		{93BB3726-A8AC-46C6-BA14-5C7911C31300}.Release|Any CPU.ActiveCfg = Release|Any CPU
		{93BB3726-A8AC-46C6-BA14-5C7911C31300}.Release|Any CPU.Build.0 = Release|Any CPU
		{77F7601F-A3E5-45D2-919D-EA851C96E0E5}.Debug|Any CPU.ActiveCfg = Debug|Any CPU
		{77F7601F-A3E5-45D2-919D-EA851C96E0E5}.Debug|Any CPU.Build.0 = Debug|Any CPU
		{77F7601F-A3E5-45D2-919D-EA851C96E0E5}.Release|Any CPU.ActiveCfg = Release|Any CPU
		{77F7601F-A3E5-45D2-919D-EA851C96E0E5}.Release|Any CPU.Build.0 = Release|Any CPU
	EndGlobalSection
	GlobalSection(SolutionProperties) = preSolution
		HideSolutionNode = FALSE
	EndGlobalSection
	GlobalSection(ExtensibilityGlobals) = postSolution
		SolutionGuid = {6F47FDE2-C021-4709-9191-A080DD36E184}
	EndGlobalSection
EndGlobal
